// !$*UTF8*$!
{
	archiveVersion = 1;
	classes = {
	};
	objectVersion = 46;
	objects = {

/* Begin PBXBuildFile section */
		0115148C72BEA18816D193DDA11D9404 /* AppDelegate.m in Sources */ = {isa = PBXBuildFile; fileRef = 9AF103119FDACFF336D4298CD68FF1DA /* AppDelegate.m */; };
		180EF43A904105A617559573EA5A847E /* main.m in Sources */ = {isa = PBXBuildFile; fileRef = 64FBB9481880A5B0F723A6F1B2C43556 /* main.m */; };
		1F49915629C39BE501100D0E8C28B76D /* UIImage+AB.m in Sources */ = {isa = PBXBuildFile; fileRef = CCE196AC93325AAE364E7DAA63A1007D /* UIImage+AB.m */; };
		2FB1DD2477C1765C2F20B4AE75CA7304 /* Assets.xcassets in Resources */ = {isa = PBXBuildFile; fileRef = B918C01585A32FA5749BC904ED46C1C5 /* Assets.xcassets */; };
		53E512049951CEA628F88FE53AD68112 /* Main.storyboard in Resources */ = {isa = PBXBuildFile; fileRef = 2AC122F5E85768035EF54381BF5B3A03 /* Main.storyboard */; };
		5535299272F1E4D583A687EFFCAEE9F5 /* ABImageView.m in Sources */ = {isa = PBXBuildFile; fileRef = 1576854BFF99FC14ADB65A63F4281827 /* ABImageView.m */; };
		6AC802368D8371A252B9CE87401CACA1 /* ViewController.m in Sources */ = {isa = PBXBuildFile; fileRef = E983E41B4B080BD8982E78F43FBB6F9D /* ViewController.m */; };
		C9FAF9467185666296F10FF68BDC7015 /* LaunchScreen.storyboard in Resources */ = {isa = PBXBuildFile; fileRef = D5C2014D975A3CEE670932F62DC8B25F /* LaunchScreen.storyboard */; };
		D85272BB0179D5728598DEDC13698E75 /* ABManager.m in Sources */ = {isa = PBXBuildFile; fileRef = 7BF2C5E5AA2C4506302C22014628BA28 /* ABManager.m */; };
/* End PBXBuildFile section */

/* Begin PBXFileReference section */
		12645DBB228C7E40E7B370BF83336805 /* Base */ = {isa = PBXFileReference; lastKnownFileType = file.storyboard; name = Base; path = Base.lproj/LaunchScreen.storyboard; sourceTree = "<group>"; };
		1576854BFF99FC14ADB65A63F4281827 /* ABImageView.m */ = {isa = PBXFileReference; fileEncoding = 4; lastKnownFileType = sourcecode.c.objc; path = ABImageView.m; sourceTree = "<group>"; };
		3CFAE45DF143B9575598952B9E990E7F /* AppDelegate.h */ = {isa = PBXFileReference; lastKnownFileType = sourcecode.c.h; path = AppDelegate.h; sourceTree = "<group>"; };
		64FBB9481880A5B0F723A6F1B2C43556 /* main.m */ = {isa = PBXFileReference; lastKnownFileType = sourcecode.c.objc; path = main.m; sourceTree = "<group>"; };
		681B199BA17A15400E3BBD3257DFF96F /* UIImage+AB.h */ = {isa = PBXFileReference; fileEncoding = 4; lastKnownFileType = sourcecode.c.h; path = "UIImage+AB.h"; sourceTree = "<group>"; };
		7BF2C5E5AA2C4506302C22014628BA28 /* ABManager.m */ = {isa = PBXFileReference; fileEncoding = 4; lastKnownFileType = sourcecode.c.objc; path = ABManager.m; sourceTree = "<group>"; };
		84714C1823BBFFB39A8FF7D277CBAC5C /* ViewController.h */ = {isa = PBXFileReference; lastKnownFileType = sourcecode.c.h; path = ViewController.h; sourceTree = "<group>"; };
		9AF103119FDACFF336D4298CD68FF1DA /* AppDelegate.m */ = {isa = PBXFileReference; lastKnownFileType = sourcecode.c.objc; path = AppDelegate.m; sourceTree = "<group>"; };
		A55814ADC42F4A5B3A335530B7482784 /* Base */ = {isa = PBXFileReference; lastKnownFileType = file.storyboard; name = Base; path = Base.lproj/Main.storyboard; sourceTree = "<group>"; };
		B918C01585A32FA5749BC904ED46C1C5 /* Assets.xcassets */ = {isa = PBXFileReference; lastKnownFileType = folder.assetcatalog; path = Assets.xcassets; sourceTree = "<group>"; };
		C09AD5911655A9D3FE61CA51319D5A06 /* AsyncBlur.app */ = {isa = PBXFileReference; explicitFileType = wrapper.application; includeInIndex = 0; path = AsyncBlur.app; sourceTree = BUILT_PRODUCTS_DIR; };
		C4CE55984B246B8C66EC4B57A8BFA1A8 /* AsyncBlur.h */ = {isa = PBXFileReference; lastKnownFileType = sourcecode.c.h; path = AsyncBlur.h; sourceTree = "<group>"; };
		CCE196AC93325AAE364E7DAA63A1007D /* UIImage+AB.m */ = {isa = PBXFileReference; fileEncoding = 4; lastKnownFileType = sourcecode.c.objc; path = "UIImage+AB.m"; sourceTree = "<group>"; };
		E234D087C07CFD71CC834219EDDB7877 /* ABImageView.h */ = {isa = PBXFileReference; fileEncoding = 4; lastKnownFileType = sourcecode.c.h; path = ABImageView.h; sourceTree = "<group>"; };
		E24D1DF6F56231B7FA7A80A5C4DD9AB5 /* Info.plist */ = {isa = PBXFileReference; lastKnownFileType = text.plist.xml; path = Info.plist; sourceTree = "<group>"; };
		E983E41B4B080BD8982E78F43FBB6F9D /* ViewController.m */ = {isa = PBXFileReference; lastKnownFileType = sourcecode.c.objc; path = ViewController.m; sourceTree = "<group>"; };
		F9534EE76664F8822C70DE9A65D16AD4 /* ABManager.h */ = {isa = PBXFileReference; fileEncoding = 4; lastKnownFileType = sourcecode.c.h; path = ABManager.h; sourceTree = "<group>"; };
		FA5654CE1D4BCB690050E6C5 /* AsyncBlur-Prefix.pch */ = {isa = PBXFileReference; lastKnownFileType = sourcecode.c.h; path = "AsyncBlur-Prefix.pch"; sourceTree = "<group>"; };
/* End PBXFileReference section */

/* Begin PBXFrameworksBuildPhase section */
		B1F6ACCB2856ED8A4919DE5740D52630 /* Frameworks */ = {
			isa = PBXFrameworksBuildPhase;
			buildActionMask = 2147483647;
			files = (
			);
			runOnlyForDeploymentPostprocessing = 0;
		};
/* End PBXFrameworksBuildPhase section */

/* Begin PBXGroup section */
		104A2243039BFBE6C1B8E7BCFA4A0997 /* Products */ = {
			isa = PBXGroup;
			children = (
				C09AD5911655A9D3FE61CA51319D5A06 /* AsyncBlur.app */,
			);
			name = Products;
			sourceTree = "<group>";
		};
		188CA7A94DF26292DE00762293D76649 = {
			isa = PBXGroup;
			children = (
				DDC5C78303926933004C0F77090851FC /* AsyncBlur */,
				104A2243039BFBE6C1B8E7BCFA4A0997 /* Products */,
			);
			sourceTree = "<group>";
		};
		3651B1F7F4AAC9E23D51CCFF022A843B /* Example */ = {
			isa = PBXGroup;
			children = (
				3CFAE45DF143B9575598952B9E990E7F /* AppDelegate.h */,
				9AF103119FDACFF336D4298CD68FF1DA /* AppDelegate.m */,
				B918C01585A32FA5749BC904ED46C1C5 /* Assets.xcassets */,
				E24D1DF6F56231B7FA7A80A5C4DD9AB5 /* Info.plist */,
				D5C2014D975A3CEE670932F62DC8B25F /* LaunchScreen.storyboard */,
				2AC122F5E85768035EF54381BF5B3A03 /* Main.storyboard */,
				84714C1823BBFFB39A8FF7D277CBAC5C /* ViewController.h */,
				E983E41B4B080BD8982E78F43FBB6F9D /* ViewController.m */,
				FA5654CE1D4BCB690050E6C5 /* AsyncBlur-Prefix.pch */,
			);
			path = Example;
			sourceTree = "<group>";
		};
		42D141EA1B0CBE7265171DB6981B3599 /* Supporting Files */ = {
			isa = PBXGroup;
			children = (
				64FBB9481880A5B0F723A6F1B2C43556 /* main.m */,
			);
			path = "Supporting Files";
			sourceTree = "<group>";
		};
		574FF0111C6749ACD9EF4673716A7903 /* AsyncBlur */ = {
			isa = PBXGroup;
			children = (
				E234D087C07CFD71CC834219EDDB7877 /* ABImageView.h */,
				1576854BFF99FC14ADB65A63F4281827 /* ABImageView.m */,
				F9534EE76664F8822C70DE9A65D16AD4 /* ABManager.h */,
				7BF2C5E5AA2C4506302C22014628BA28 /* ABManager.m */,
				C4CE55984B246B8C66EC4B57A8BFA1A8 /* AsyncBlur.h */,
				681B199BA17A15400E3BBD3257DFF96F /* UIImage+AB.h */,
				CCE196AC93325AAE364E7DAA63A1007D /* UIImage+AB.m */,
			);
			path = AsyncBlur;
			sourceTree = "<group>";
		};
		DDC5C78303926933004C0F77090851FC /* AsyncBlur */ = {
			isa = PBXGroup;
			children = (
				574FF0111C6749ACD9EF4673716A7903 /* AsyncBlur */,
				3651B1F7F4AAC9E23D51CCFF022A843B /* Example */,
				42D141EA1B0CBE7265171DB6981B3599 /* Supporting Files */,
			);
			path = AsyncBlur;
			sourceTree = "<group>";
		};
/* End PBXGroup section */

/* Begin PBXNativeTarget section */
		72641D2AA6AEBA2C5D2A1893F9A28148 /* AsyncBlur */ = {
			isa = PBXNativeTarget;
			buildConfigurationList = F641255C0614A1343847DFA9E1C2F737 /* Build configuration list for PBXNativeTarget "AsyncBlur" */;
			buildPhases = (
				652AC9C77230C7105756B836C3FD5D22 /* Sources */,
				B1F6ACCB2856ED8A4919DE5740D52630 /* Frameworks */,
				19126E8229081E4389D67F78707DCB74 /* Resources */,
			);
			buildRules = (
			);
			dependencies = (
			);
			name = AsyncBlur;
			productName = AsyncBlur;
			productReference = C09AD5911655A9D3FE61CA51319D5A06 /* AsyncBlur.app */;
			productType = "com.apple.product-type.application";
		};
/* End PBXNativeTarget section */

/* Begin PBXProject section */
		9CA0C2D15D7467595974C1FDF273769F /* Project object */ = {
			isa = PBXProject;
			attributes = {
				LastUpgradeCheck = 0730;
				ORGANIZATIONNAME = "Vladislav Dugnist";
				TargetAttributes = {
					72641D2AA6AEBA2C5D2A1893F9A28148 = {
						CreatedOnToolsVersion = 7.3.1;
						DevelopmentTeam = 47B3VSZ2Q5;
					};
				};
			};
			buildConfigurationList = 87757B221519A0CF5DF8A99B1A78F28F /* Build configuration list for PBXProject "AsyncBlur" */;
			compatibilityVersion = "Xcode 3.2";
			developmentRegion = English;
			hasScannedForEncodings = 0;
			knownRegions = (
				en,
				Base,
			);
			mainGroup = 188CA7A94DF26292DE00762293D76649;
			productRefGroup = 104A2243039BFBE6C1B8E7BCFA4A0997 /* Products */;
			projectDirPath = "";
			projectRoot = "";
			targets = (
				72641D2AA6AEBA2C5D2A1893F9A28148 /* AsyncBlur */,
			);
		};
/* End PBXProject section */

/* Begin PBXResourcesBuildPhase section */
		19126E8229081E4389D67F78707DCB74 /* Resources */ = {
			isa = PBXResourcesBuildPhase;
			buildActionMask = 2147483647;
			files = (
				2FB1DD2477C1765C2F20B4AE75CA7304 /* Assets.xcassets in Resources */,
				C9FAF9467185666296F10FF68BDC7015 /* LaunchScreen.storyboard in Resources */,
				53E512049951CEA628F88FE53AD68112 /* Main.storyboard in Resources */,
			);
			runOnlyForDeploymentPostprocessing = 0;
		};
/* End PBXResourcesBuildPhase section */

/* Begin PBXSourcesBuildPhase section */
		652AC9C77230C7105756B836C3FD5D22 /* Sources */ = {
			isa = PBXSourcesBuildPhase;
			buildActionMask = 2147483647;
			files = (
				5535299272F1E4D583A687EFFCAEE9F5 /* ABImageView.m in Sources */,
				D85272BB0179D5728598DEDC13698E75 /* ABManager.m in Sources */,
				0115148C72BEA18816D193DDA11D9404 /* AppDelegate.m in Sources */,
				1F49915629C39BE501100D0E8C28B76D /* UIImage+AB.m in Sources */,
				6AC802368D8371A252B9CE87401CACA1 /* ViewController.m in Sources */,
				180EF43A904105A617559573EA5A847E /* main.m in Sources */,
			);
			runOnlyForDeploymentPostprocessing = 0;
		};
/* End PBXSourcesBuildPhase section */

/* Begin PBXVariantGroup section */
		2AC122F5E85768035EF54381BF5B3A03 /* Main.storyboard */ = {
			isa = PBXVariantGroup;
			children = (
				A55814ADC42F4A5B3A335530B7482784 /* Base */,
			);
			name = Main.storyboard;
			path = .;
			sourceTree = "<group>";
		};
		D5C2014D975A3CEE670932F62DC8B25F /* LaunchScreen.storyboard */ = {
			isa = PBXVariantGroup;
			children = (
				12645DBB228C7E40E7B370BF83336805 /* Base */,
			);
			name = LaunchScreen.storyboard;
			path = .;
			sourceTree = "<group>";
		};
/* End PBXVariantGroup section */

/* Begin XCBuildConfiguration section */
		0AC6E224C813F1FFEE30411CB3F39B66 /* Debug */ = {
			isa = XCBuildConfiguration;
			buildSettings = {
				ALWAYS_SEARCH_USER_PATHS = NO;
				CLANG_ANALYZER_NONNULL = YES;
				CLANG_CXX_LANGUAGE_STANDARD = "gnu++0x";
				CLANG_CXX_LIBRARY = "libc++";
				CLANG_ENABLE_MODULES = YES;
				CLANG_ENABLE_OBJC_ARC = YES;
				CLANG_WARN_BOOL_CONVERSION = YES;
				CLANG_WARN_CONSTANT_CONVERSION = YES;
				CLANG_WARN_DIRECT_OBJC_ISA_USAGE = YES_ERROR;
				CLANG_WARN_EMPTY_BODY = YES;
				CLANG_WARN_ENUM_CONVERSION = YES;
				CLANG_WARN_INT_CONVERSION = YES;
				CLANG_WARN_OBJC_ROOT_CLASS = YES_ERROR;
				CLANG_WARN_UNREACHABLE_CODE = YES;
				CLANG_WARN__DUPLICATE_METHOD_MATCH = YES;
				"CODE_SIGN_IDENTITY[sdk=iphoneos*]" = "iPhone Developer";
				COPY_PHASE_STRIP = NO;
				DEBUG_INFORMATION_FORMAT = dwarf;
				ENABLE_STRICT_OBJC_MSGSEND = YES;
				ENABLE_TESTABILITY = YES;
				GCC_C_LANGUAGE_STANDARD = gnu99;
				GCC_DYNAMIC_NO_PIC = NO;
				GCC_NO_COMMON_BLOCKS = YES;
				GCC_OPTIMIZATION_LEVEL = 0;
				GCC_PREPROCESSOR_DEFINITIONS = (
					"DEBUG=1",
					"$(inherited)",
				);
				GCC_WARN_64_TO_32_BIT_CONVERSION = YES;
				GCC_WARN_ABOUT_RETURN_TYPE = YES_ERROR;
				GCC_WARN_UNDECLARED_SELECTOR = YES;
				GCC_WARN_UNINITIALIZED_AUTOS = YES_AGGRESSIVE;
				GCC_WARN_UNUSED_FUNCTION = YES;
				GCC_WARN_UNUSED_VARIABLE = YES;
				IPHONEOS_DEPLOYMENT_TARGET = 9.3;
				MTL_ENABLE_DEBUG_INFO = YES;
				ONLY_ACTIVE_ARCH = YES;
				SDKROOT = iphoneos;
				TARGETED_DEVICE_FAMILY = "1,2";
			};
			name = Debug;
		};
		3EC809647A0FBACDAAC27C6272CB66BD /* Release */ = {
			isa = XCBuildConfiguration;
			buildSettings = {
				ASSETCATALOG_COMPILER_APPICON_NAME = AppIcon;
				CODE_SIGN_IDENTITY = "iPhone Developer";
				GCC_PREFIX_HEADER = "$(SRCROOT)/AsyncBlur/Example/AsyncBlur-Prefix.pch";
				INFOPLIST_FILE = AsyncBlur/Example/Info.plist;
				LD_RUNPATH_SEARCH_PATHS = "$(inherited) @executable_path/Frameworks";
				PRODUCT_BUNDLE_IDENTIFIER = mlworks.AsyncBlur;
				PRODUCT_NAME = "$(TARGET_NAME)";
			};
			name = Release;
		};
		D0EA2347D7F9FD2B5D81510D9FCD48FE /* Debug */ = {
			isa = XCBuildConfiguration;
			buildSettings = {
				ASSETCATALOG_COMPILER_APPICON_NAME = AppIcon;
				CODE_SIGN_IDENTITY = "iPhone Developer";
				GCC_PREFIX_HEADER = "$(SRCROOT)/AsyncBlur/Example/AsyncBlur-Prefix.pch";
				INFOPLIST_FILE = AsyncBlur/Example/Info.plist;
				LD_RUNPATH_SEARCH_PATHS = "$(inherited) @executable_path/Frameworks";
				PRODUCT_BUNDLE_IDENTIFIER = mlworks.AsyncBlur;
				PRODUCT_NAME = "$(TARGET_NAME)";
			};
			name = Debug;
		};
		F4C03BD72443E20B42A93B5953640EAD /* Release */ = {
			isa = XCBuildConfiguration;
			buildSettings = {
				ALWAYS_SEARCH_USER_PATHS = NO;
				CLANG_ANALYZER_NONNULL = YES;
				CLANG_CXX_LANGUAGE_STANDARD = "gnu++0x";
				CLANG_CXX_LIBRARY = "libc++";
				CLANG_ENABLE_MODULES = YES;
				CLANG_ENABLE_OBJC_ARC = YES;
				CLANG_WARN_BOOL_CONVERSION = YES;
				CLANG_WARN_CONSTANT_CONVERSION = YES;
				CLANG_WARN_DIRECT_OBJC_ISA_USAGE = YES_ERROR;
				CLANG_WARN_EMPTY_BODY = YES;
				CLANG_WARN_ENUM_CONVERSION = YES;
				CLANG_WARN_INT_CONVERSION = YES;
				CLANG_WARN_OBJC_ROOT_CLASS = YES_ERROR;
				CLANG_WARN_UNREACHABLE_CODE = YES;
				CLANG_WARN__DUPLICATE_METHOD_MATCH = YES;
				"CODE_SIGN_IDENTITY[sdk=iphoneos*]" = "iPhone Developer";
				COPY_PHASE_STRIP = NO;
				DEBUG_INFORMATION_FORMAT = "dwarf-with-dsym";
				ENABLE_NS_ASSERTIONS = NO;
				ENABLE_STRICT_OBJC_MSGSEND = YES;
				GCC_C_LANGUAGE_STANDARD = gnu99;
				GCC_NO_COMMON_BLOCKS = YES;
				GCC_WARN_64_TO_32_BIT_CONVERSION = YES;
				GCC_WARN_ABOUT_RETURN_TYPE = YES_ERROR;
				GCC_WARN_UNDECLARED_SELECTOR = YES;
				GCC_WARN_UNINITIALIZED_AUTOS = YES_AGGRESSIVE;
				GCC_WARN_UNUSED_FUNCTION = YES;
				GCC_WARN_UNUSED_VARIABLE = YES;
				IPHONEOS_DEPLOYMENT_TARGET = 9.3;
				MTL_ENABLE_DEBUG_INFO = NO;
				SDKROOT = iphoneos;
				TARGETED_DEVICE_FAMILY = "1,2";
				VALIDATE_PRODUCT = YES;
			};
			name = Release;
		};
/* End XCBuildConfiguration section */

/* Begin XCConfigurationList section */
		87757B221519A0CF5DF8A99B1A78F28F /* Build configuration list for PBXProject "AsyncBlur" */ = {
			isa = XCConfigurationList;
			buildConfigurations = (
				0AC6E224C813F1FFEE30411CB3F39B66 /* Debug */,
				F4C03BD72443E20B42A93B5953640EAD /* Release */,
			);
			defaultConfigurationIsVisible = 0;
			defaultConfigurationName = Release;
		};
		F641255C0614A1343847DFA9E1C2F737 /* Build configuration list for PBXNativeTarget "AsyncBlur" */ = {
			isa = XCConfigurationList;
			buildConfigurations = (
				D0EA2347D7F9FD2B5D81510D9FCD48FE /* Debug */,
				3EC809647A0FBACDAAC27C6272CB66BD /* Release */,
			);
			defaultConfigurationIsVisible = 0;
			defaultConfigurationName = Release;
		};
/* End XCConfigurationList section */
	};
	rootObject = 9CA0C2D15D7467595974C1FDF273769F /* Project object */;
}
